
Microsoft Visual Studio Solution File, Format Version 12.00
# Visual Studio Version 17
VisualStudioVersion = 17.14.36414.22
MinimumVisualStudioVersion = 10.0.40219.1
Project("{FAE04EC0-301F-11D3-BF4B-00C04F79EFBC}") = "Zhaoxi.SeralPortCommunication", "Zhaoxi.SeralPortCommunication\Zhaoxi.SeralPortCommunication.csproj", "{E21215EC-1497-4CAE-8934-9AE3DEA00232}"
EndProject
Project("{FAE04EC0-301F-11D3-BF4B-00C04F79EFBC}") = "Zhaoxi.SeralPortCommunication.FW", "Zhaoxi.SeralPortCommunication.FW\Zhaoxi.SeralPortCommunication.FW.csproj", "{662F90B0-0B3D-49BC-A6D5-8E3CA986D940}"
EndProject
Project("{2150E333-8FDC-42A3-9474-1A3956D46DE8}") = "Solution Items", "Solution Items", "{02EA681E-C7D8-13C7-8484-4AC65E1B71E8}"
	ProjectSection(SolutionItems) = preProject
		.editorconfig = .editorconfig
	EndProjectSection
EndProject
Project("{FAE04EC0-301F-11D3-BF4B-00C04F79EFBC}") = "Zhaoxi.SocketCommunication", "Zhaoxi.SocketCommunication\Zhaoxi.SocketCommunication.csproj", "{DE66F3B1-7525-42A5-8EEB-03855D4C74F3}"
EndProject
Global
	GlobalSection(SolutionConfigurationPlatforms) = preSolution
		Debug|Any CPU = Debug|Any CPU
		Release|Any CPU = Release|Any CPU
	EndGlobalSection
	GlobalSection(ProjectConfigurationPlatforms) = postSolution
		{E21215EC-1497-4CAE-8934-9AE3DEA00232}.Debug|Any CPU.ActiveCfg = Debug|Any CPU
		{E21215EC-1497-4CAE-8934-9AE3DEA00232}.Debug|Any CPU.Build.0 = Debug|Any CPU
		{E21215EC-1497-4CAE-8934-9AE3DEA00232}.Release|Any CPU.ActiveCfg = Release|Any CPU
		{E21215EC-1497-4CAE-8934-9AE3DEA00232}.Release|Any CPU.Build.0 = Release|Any CPU
		{662F90B0-0B3D-49BC-A6D5-8E3CA986D940}.Debug|Any CPU.ActiveCfg = Debug|Any CPU
		{662F90B0-0B3D-49BC-A6D5-8E3CA986D940}.Debug|Any CPU.Build.0 = Debug|Any CPU
		{662F90B0-0B3D-49BC-A6D5-8E3CA986D940}.Release|Any CPU.ActiveCfg = Release|Any CPU
		{662F90B0-0B3D-49BC-A6D5-8E3CA986D940}.Release|Any CPU.Build.0 = Release|Any CPU
		{DE66F3B1-7525-42A5-8EEB-03855D4C74F3}.Debug|Any CPU.ActiveCfg = Debug|Any CPU
		{DE66F3B1-7525-42A5-8EEB-03855D4C74F3}.Debug|Any CPU.Build.0 = Debug|Any CPU
		{DE66F3B1-7525-42A5-8EEB-03855D4C74F3}.Release|Any CPU.ActiveCfg = Release|Any CPU
		{DE66F3B1-7525-42A5-8EEB-03855D4C74F3}.Release|Any CPU.Build.0 = Release|Any CPU
	EndGlobalSection
	GlobalSection(SolutionProperties) = preSolution
		HideSolutionNode = FALSE
	EndGlobalSection
	GlobalSection(ExtensibilityGlobals) = postSolution
		SolutionGuid = {89F95957-3FB1-4E5D-AAE9-443465355809}
	EndGlobalSection
EndGlobal
